
Microsoft Visual Studio Solution File, Format Version 12.00
# Visual Studio 2012
Project("{FAE04EC0-301F-11D3-BF4B-00C04F79EFBC}") = "ApplicationDemo", "ApplicationDemo\ApplicationDemo.csproj", "{763AC440-5878-4A62-ACC2-E93EAEC9205B}"
EndProject
Global
	GlobalSection(SolutionConfigurationPlatforms) = preSolution
		Debug|Any CPU = Debug|Any CPU
		Release|Any CPU = Release|Any CPU
	EndGlobalSection
	GlobalSection(ProjectConfigurationPlatforms) = postSolution
		{763AC440-5878-4A62-ACC2-E93EAEC9205B}.Debug|Any CPU.ActiveCfg = Debug|Any CPU
		{763AC440-5878-4A62-ACC2-E93EAEC9205B}.Debug|Any CPU.Build.0 = Debug|Any CPU
		{763AC440-5878-4A62-ACC2-E93EAEC9205B}.Release|Any CPU.ActiveCfg = Release|Any CPU
		{763AC440-5878-4A62-ACC2-E93EAEC9205B}.Release|Any CPU.Build.0 = Release|Any CPU
	EndGlobalSection
	GlobalSection(SolutionProperties) = preSolution
		HideSolutionNode = FALSE
	EndGlobalSection
EndGlobal
