
Microsoft Visual Studio Solution File, Format Version 12.00
# Visual Studio 2012
Project("{CC5FD16D-436D-48AD-A40C-5A424C6E3E79}") = "SlabReconfiguration", "SlabReconfiguration.ccproj", "{929E88DD-E793-4800-9D60-4E7DF8FD464E}"
EndProject
Project("{FAE04EC0-301F-11D3-BF4B-00C04F79EFBC}") = "SlabReconfigurationWebRole", "SlabReconfigurationWebRole\SlabReconfigurationWebRole.csproj", "{33F16A52-A92B-4138-AC8B-1D34993C69F0}"
EndProject
Global
	GlobalSection(SolutionConfigurationPlatforms) = preSolution
		Debug|Any CPU = Debug|Any CPU
		Release|Any CPU = Release|Any CPU
	EndGlobalSection
	GlobalSection(ProjectConfigurationPlatforms) = postSolution
		{929E88DD-E793-4800-9D60-4E7DF8FD464E}.Debug|Any CPU.ActiveCfg = Debug|Any CPU
		{929E88DD-E793-4800-9D60-4E7DF8FD464E}.Debug|Any CPU.Build.0 = Debug|Any CPU
		{929E88DD-E793-4800-9D60-4E7DF8FD464E}.Release|Any CPU.ActiveCfg = Release|Any CPU
		{929E88DD-E793-4800-9D60-4E7DF8FD464E}.Release|Any CPU.Build.0 = Release|Any CPU
		{33F16A52-A92B-4138-AC8B-1D34993C69F0}.Debug|Any CPU.ActiveCfg = Debug|Any CPU
		{33F16A52-A92B-4138-AC8B-1D34993C69F0}.Debug|Any CPU.Build.0 = Debug|Any CPU
		{33F16A52-A92B-4138-AC8B-1D34993C69F0}.Release|Any CPU.ActiveCfg = Release|Any CPU
		{33F16A52-A92B-4138-AC8B-1D34993C69F0}.Release|Any CPU.Build.0 = Release|Any CPU
	EndGlobalSection
	GlobalSection(SolutionProperties) = preSolution
		HideSolutionNode = FALSE
	EndGlobalSection
	GlobalSection(ExtensibilityGlobals) = postSolution
		EnterpriseLibraryConfigurationToolBinariesPathV6 = packages\EnterpriseLibrary.TransientFaultHandling.6.0.1304.0\lib\portable-net45+win+wp8;packages\EnterpriseLibrary.TransientFaultHandling.WindowsAzure.Storage.6.0.1304.0\lib\NET45
	EndGlobalSection
EndGlobal
