
Microsoft Visual Studio Solution File, Format Version 12.00
# Visual Studio 2012
Project("{FAE04EC0-301F-11D3-BF4B-00C04F79EFBC}") = "SemanticLogging", "Src\SemanticLogging\SemanticLogging.csproj", "{2CD4105B-0DD6-4C18-9B37-05D8E8F57303}"
EndProject
Project("{FAE04EC0-301F-11D3-BF4B-00C04F79EFBC}") = "SemanticLogging.Tests", "Tests\SemanticLogging.Tests\SemanticLogging.Tests.csproj", "{1735E7F3-65BA-4E29-B319-6C2CA03659D1}"
EndProject
Project("{FAE04EC0-301F-11D3-BF4B-00C04F79EFBC}") = "SemanticLogging.Etw", "Src\SemanticLogging.Etw\SemanticLogging.Etw.csproj", "{8440AEA2-CD55-42A0-8724-2ECCE2B32374}"
EndProject
Project("{FAE04EC0-301F-11D3-BF4B-00C04F79EFBC}") = "SemanticLogging.Etw.WindowsService", "Src\SemanticLogging.Etw.WindowsService\SemanticLogging.Etw.WindowsService.csproj", "{0EBF89E7-D2B2-4968-BC17-0DA066029C46}"
EndProject
Project("{FAE04EC0-301F-11D3-BF4B-00C04F79EFBC}") = "SemanticLogging.WindowsAzure", "Src\SemanticLogging.WindowsAzure\SemanticLogging.WindowsAzure.csproj", "{D7979E9B-7978-48FE-B345-3C767A20F9A1}"
EndProject
Project("{FAE04EC0-301F-11D3-BF4B-00C04F79EFBC}") = "SemanticLogging.Database", "Src\SemanticLogging.Database\SemanticLogging.Database.csproj", "{AC34C8E7-2A5B-412C-AFF7-CF7F52EE4569}"
EndProject
Project("{FAE04EC0-301F-11D3-BF4B-00C04F79EFBC}") = "SemanticLogging.Elasticsearch", "Src\SemanticLogging.Elasticsearch\SemanticLogging.Elasticsearch.csproj", "{5F7F3BFE-6117-43C3-AABB-7195516D9F1C}"
EndProject
Project("{2150E333-8FDC-42A3-9474-1A3956D46DE8}") = "Solution Items", "Solution Items", "{6A93313C-F04A-4623-BD8C-2C314116A782}"
	ProjectSection(SolutionItems) = preProject
		EnterpriseLibrary.ruleset = EnterpriseLibrary.ruleset
		NuGet\install-packages.ps1 = NuGet\install-packages.ps1
		NuGet\packages-service.config = NuGet\packages-service.config
		Settings.StyleCop = Settings.StyleCop
	EndProjectSection
EndProject
Project("{FAE04EC0-301F-11D3-BF4B-00C04F79EFBC}") = "SemanticLogging.TextFile", "Src\SemanticLogging.TextFile\SemanticLogging.TextFile.csproj", "{4B187511-187B-48B1-A593-18BA835B49C3}"
EndProject
Project("{FAE04EC0-301F-11D3-BF4B-00C04F79EFBC}") = "SemanticLogging.EventSourceAnalyzer", "Src\SemanticLogging.EventSourceAnalyzer\SemanticLogging.EventSourceAnalyzer.csproj", "{27EACC2A-EE11-420B-8760-4945412B0C4A}"
EndProject
Global
	GlobalSection(SolutionConfigurationPlatforms) = preSolution
		Debug|Any CPU = Debug|Any CPU
		Release|Any CPU = Release|Any CPU
	EndGlobalSection
	GlobalSection(ProjectConfigurationPlatforms) = postSolution
		{2CD4105B-0DD6-4C18-9B37-05D8E8F57303}.Debug|Any CPU.ActiveCfg = Debug|Any CPU
		{2CD4105B-0DD6-4C18-9B37-05D8E8F57303}.Debug|Any CPU.Build.0 = Debug|Any CPU
		{2CD4105B-0DD6-4C18-9B37-05D8E8F57303}.Release|Any CPU.ActiveCfg = Release|Any CPU
		{2CD4105B-0DD6-4C18-9B37-05D8E8F57303}.Release|Any CPU.Build.0 = Release|Any CPU
		{1735E7F3-65BA-4E29-B319-6C2CA03659D1}.Debug|Any CPU.ActiveCfg = Debug|Any CPU
		{1735E7F3-65BA-4E29-B319-6C2CA03659D1}.Debug|Any CPU.Build.0 = Debug|Any CPU
		{1735E7F3-65BA-4E29-B319-6C2CA03659D1}.Release|Any CPU.ActiveCfg = Release|Any CPU
		{1735E7F3-65BA-4E29-B319-6C2CA03659D1}.Release|Any CPU.Build.0 = Release|Any CPU
		{8440AEA2-CD55-42A0-8724-2ECCE2B32374}.Debug|Any CPU.ActiveCfg = Debug|Any CPU
		{8440AEA2-CD55-42A0-8724-2ECCE2B32374}.Debug|Any CPU.Build.0 = Debug|Any CPU
		{8440AEA2-CD55-42A0-8724-2ECCE2B32374}.Release|Any CPU.ActiveCfg = Release|Any CPU
		{8440AEA2-CD55-42A0-8724-2ECCE2B32374}.Release|Any CPU.Build.0 = Release|Any CPU
		{0EBF89E7-D2B2-4968-BC17-0DA066029C46}.Debug|Any CPU.ActiveCfg = Debug|Any CPU
		{0EBF89E7-D2B2-4968-BC17-0DA066029C46}.Debug|Any CPU.Build.0 = Debug|Any CPU
		{0EBF89E7-D2B2-4968-BC17-0DA066029C46}.Release|Any CPU.ActiveCfg = Release|Any CPU
		{0EBF89E7-D2B2-4968-BC17-0DA066029C46}.Release|Any CPU.Build.0 = Release|Any CPU
		{D7979E9B-7978-48FE-B345-3C767A20F9A1}.Debug|Any CPU.ActiveCfg = Debug|Any CPU
		{D7979E9B-7978-48FE-B345-3C767A20F9A1}.Debug|Any CPU.Build.0 = Debug|Any CPU
		{D7979E9B-7978-48FE-B345-3C767A20F9A1}.Release|Any CPU.ActiveCfg = Release|Any CPU
		{D7979E9B-7978-48FE-B345-3C767A20F9A1}.Release|Any CPU.Build.0 = Release|Any CPU
		{AC34C8E7-2A5B-412C-AFF7-CF7F52EE4569}.Debug|Any CPU.ActiveCfg = Debug|Any CPU
		{AC34C8E7-2A5B-412C-AFF7-CF7F52EE4569}.Debug|Any CPU.Build.0 = Debug|Any CPU
		{AC34C8E7-2A5B-412C-AFF7-CF7F52EE4569}.Release|Any CPU.ActiveCfg = Release|Any CPU
		{AC34C8E7-2A5B-412C-AFF7-CF7F52EE4569}.Release|Any CPU.Build.0 = Release|Any CPU
		{5F7F3BFE-6117-43C3-AABB-7195516D9F1C}.Debug|Any CPU.ActiveCfg = Debug|Any CPU
		{5F7F3BFE-6117-43C3-AABB-7195516D9F1C}.Debug|Any CPU.Build.0 = Debug|Any CPU
		{5F7F3BFE-6117-43C3-AABB-7195516D9F1C}.Release|Any CPU.ActiveCfg = Release|Any CPU
		{5F7F3BFE-6117-43C3-AABB-7195516D9F1C}.Release|Any CPU.Build.0 = Release|Any CPU
		{4B187511-187B-48B1-A593-18BA835B49C3}.Debug|Any CPU.ActiveCfg = Debug|Any CPU
		{4B187511-187B-48B1-A593-18BA835B49C3}.Debug|Any CPU.Build.0 = Debug|Any CPU
		{4B187511-187B-48B1-A593-18BA835B49C3}.Release|Any CPU.ActiveCfg = Release|Any CPU
		{4B187511-187B-48B1-A593-18BA835B49C3}.Release|Any CPU.Build.0 = Release|Any CPU
		{27EACC2A-EE11-420B-8760-4945412B0C4A}.Debug|Any CPU.ActiveCfg = Debug|Any CPU
		{27EACC2A-EE11-420B-8760-4945412B0C4A}.Debug|Any CPU.Build.0 = Debug|Any CPU
		{27EACC2A-EE11-420B-8760-4945412B0C4A}.Release|Any CPU.ActiveCfg = Release|Any CPU
		{27EACC2A-EE11-420B-8760-4945412B0C4A}.Release|Any CPU.Build.0 = Release|Any CPU
	EndGlobalSection
	GlobalSection(SolutionProperties) = preSolution
		HideSolutionNode = FALSE
	EndGlobalSection
	GlobalSection(ExtensibilityGlobals) = postSolution
		EnterpriseLibraryConfigurationToolBinariesPathV6 = packages\EnterpriseLibrary.TransientFaultHandling.6.0.1304.0\lib\portable-net45+win+wp8;packages\EnterpriseLibrary.TransientFaultHandling.Data.6.0.1304.1\lib\NET45
	EndGlobalSection
EndGlobal
